{
  "version": 4,
  "terraform_version": "1.6.2",
  "serial": 650,
  "lineage": "6e6cf5a3-3e06-82ec-338a-bc88a513fefc",
  "outputs": {},
  "resources": [
    {
      "module": "module.alb",
      "mode": "managed",
      "type": "aws_lb",
      "name": "application_load_balancer",
      "provider": "provider[\"registry.terraform.io/hashicorp/aws\"]",
      "instances": [
        {
          "schema_version": 0,
          "attributes": {
            "access_logs": [
              {
                "bucket": "",
                "enabled": false,
                "prefix": ""
              }
            ],
            "arn": "arn:aws:elasticloadbalancing:us-east-1:489994096722:loadbalancer/app/prod-hammad-Infra-alb/40b397fd003ab18f",
            "arn_suffix": "app/prod-hammad-Infra-alb/40b397fd003ab18f",
            "customer_owned_ipv4_pool": "",
            "desync_mitigation_mode": "defensive",
            "dns_name": "prod-hammad-Infra-alb-1077902094.us-east-1.elb.amazonaws.com",
            "drop_invalid_header_fields": false,
            "enable_cross_zone_load_balancing": true,
            "enable_deletion_protection": false,
            "enable_http2": true,
            "enable_tls_version_and_cipher_suite_headers": false,
            "enable_waf_fail_open": false,
            "enable_xff_client_port": false,
            "id": "arn:aws:elasticloadbalancing:us-east-1:489994096722:loadbalancer/app/prod-hammad-Infra-alb/40b397fd003ab18f",
            "idle_timeout": 60,
            "internal": false,
            "ip_address_type": "ipv4",
            "load_balancer_type": "application",
            "name": "prod-hammad-Infra-alb",
            "name_prefix": null,
            "preserve_host_header": false,
            "security_groups": [
              "sg-03109bd97b2a0b473"
            ],
            "subnet_mapping": [
              {
                "allocation_id": "",
                "ipv6_address": "",
                "outpost_id": "",
                "private_ipv4_address": "",
                "subnet_id": "subnet-0674b14db1957c3ef"
              },
              {
                "allocation_id": "",
                "ipv6_address": "",
                "outpost_id": "",
                "private_ipv4_address": "",
                "subnet_id": "subnet-0686f12fe42aa919e"
              }
            ],
            "subnets": [
              "subnet-0674b14db1957c3ef",
              "subnet-0686f12fe42aa919e"
            ],
            "tags": {
              "Name": "prod-hammad-Infra-alb"
            },
            "tags_all": {
              "Name": "prod-hammad-Infra-alb"
            },
            "timeouts": null,
            "vpc_id": "vpc-0ded26fe1cc34f3e2",
            "xff_header_processing_mode": "append",
            "zone_id": "Z35SXDOTRQ7X7K"
          },
          "sensitive_attributes": [],
          "private": "eyJlMmJmYjczMC1lY2FhLTExZTYtOGY4OC0zNDM2M2JjN2M0YzAiOnsiY3JlYXRlIjo2MDAwMDAwMDAwMDAsImRlbGV0ZSI6NjAwMDAwMDAwMDAwLCJ1cGRhdGUiOjYwMDAwMDAwMDAwMH19",
          "dependencies": [
            "module.security-group.aws_security_group.my_sg",
            "module.vpc.aws_internet_gateway.internet_gateway",
            "module.vpc.aws_subnet.pri_subnets",
            "module.vpc.aws_subnet.pub_subnets",
            "module.vpc.aws_vpc.vpc",
            "module.vpc.data.aws_availability_zones.available_zones"
          ]
        }
      ]
    },
    {
      "module": "module.alb",
      "mode": "managed",
      "type": "aws_lb_listener",
      "name": "alb_http_listener",
      "provider": "provider[\"registry.terraform.io/hashicorp/aws\"]",
      "instances": [
        {
          "schema_version": 0,
          "attributes": {
            "alpn_policy": null,
            "arn": "arn:aws:elasticloadbalancing:us-east-1:489994096722:listener/app/prod-hammad-Infra-alb/40b397fd003ab18f/9a6f318a90beaa8f",
            "certificate_arn": "arn:aws:acm:us-east-1:489994096722:certificate/96a3296b-952c-4da1-b986-9298115e0f1c",
            "default_action": [
              {
                "authenticate_cognito": [],
                "authenticate_oidc": [],
                "fixed_response": [],
                "forward": [],
                "order": 1,
                "redirect": [],
                "target_group_arn": "arn:aws:elasticloadbalancing:us-east-1:489994096722:targetgroup/prod-hammad-Infra-tg/d54d96f760172199",
                "type": "forward"
              }
            ],
            "id": "arn:aws:elasticloadbalancing:us-east-1:489994096722:listener/app/prod-hammad-Infra-alb/40b397fd003ab18f/9a6f318a90beaa8f",
            "load_balancer_arn": "arn:aws:elasticloadbalancing:us-east-1:489994096722:loadbalancer/app/prod-hammad-Infra-alb/40b397fd003ab18f",
            "port": 443,
            "protocol": "HTTPS",
            "ssl_policy": "ELBSecurityPolicy-2016-08",
            "tags": null,
            "tags_all": {},
            "timeouts": null
          },
          "sensitive_attributes": [],
          "private": "eyJlMmJmYjczMC1lY2FhLTExZTYtOGY4OC0zNDM2M2JjN2M0YzAiOnsicmVhZCI6NjAwMDAwMDAwMDAwfX0=",
          "dependencies": [
            "module.alb.aws_lb.application_load_balancer",
            "module.alb.aws_lb_target_group.alb_target_group",
            "module.security-group.aws_security_group.my_sg",
            "module.vpc.aws_internet_gateway.internet_gateway",
            "module.vpc.aws_subnet.pri_subnets",
            "module.vpc.aws_subnet.pub_subnets",
            "module.vpc.aws_vpc.vpc",
            "module.vpc.data.aws_availability_zones.available_zones"
          ]
        }
      ]
    },
    {
      "module": "module.alb",
      "mode": "managed",
      "type": "aws_lb_target_group",
      "name": "alb_target_group",
      "provider": "provider[\"registry.terraform.io/hashicorp/aws\"]",
      "instances": [
        {
          "schema_version": 0,
          "attributes": {
            "arn": "arn:aws:elasticloadbalancing:us-east-1:489994096722:targetgroup/prod-hammad-Infra-tg/d54d96f760172199",
            "arn_suffix": "targetgroup/prod-hammad-Infra-tg/d54d96f760172199",
            "connection_termination": false,
            "deregistration_delay": "300",
            "health_check": [
              {
                "enabled": true,
                "healthy_threshold": 2,
                "interval": 300,
                "matcher": "200",
                "path": "/",
                "port": "traffic-port",
                "protocol": "HTTP",
                "timeout": 60,
                "unhealthy_threshold": 5
              }
            ],
            "id": "arn:aws:elasticloadbalancing:us-east-1:489994096722:targetgroup/prod-hammad-Infra-tg/d54d96f760172199",
            "ip_address_type": "ipv4",
            "lambda_multi_value_headers_enabled": false,
            "load_balancing_algorithm_type": "round_robin",
            "load_balancing_cross_zone_enabled": "use_load_balancer_configuration",
            "name": "prod-hammad-Infra-tg",
            "name_prefix": null,
            "port": 80,
            "preserve_client_ip": null,
            "protocol": "HTTP",
            "protocol_version": "HTTP1",
            "proxy_protocol_v2": false,
            "slow_start": 0,
            "stickiness": [
              {
                "cookie_duration": 86400,
                "cookie_name": "",
                "enabled": false,
                "type": "lb_cookie"
              }
            ],
            "tags": null,
            "tags_all": {},
            "target_failover": [
              {
                "on_deregistration": null,
                "on_unhealthy": null
              }
            ],
            "target_type": "instance",
            "vpc_id": "vpc-0ded26fe1cc34f3e2"
          },
          "sensitive_attributes": [],
          "private": "bnVsbA==",
          "dependencies": [
            "module.vpc.aws_internet_gateway.internet_gateway",
            "module.vpc.aws_subnet.pri_subnets",
            "module.vpc.aws_subnet.pub_subnets",
            "module.vpc.aws_vpc.vpc",
            "module.vpc.data.aws_availability_zones.available_zones"
          ],
          "create_before_destroy": true
        }
      ]
    },
    {
      "module": "module.asg",
      "mode": "managed",
      "type": "aws_autoscaling_group",
      "name": "asg_name",
      "provider": "provider[\"registry.terraform.io/hashicorp/aws\"]",
      "instances": [
        {
          "schema_version": 1,
          "attributes": {
            "arn": "arn:aws:autoscaling:us-east-1:489994096722:autoScalingGroup:d01f0d34-db9d-4305-b51a-821631f5217a:autoScalingGroupName/hammad-Infra-asg",
            "availability_zones": [
              "us-east-1a",
              "us-east-1b"
            ],
            "capacity_rebalance": false,
            "context": "",
            "default_cooldown": 300,
            "default_instance_warmup": 0,
            "desired_capacity": 3,
            "desired_capacity_type": "",
            "enabled_metrics": [
              "GroupDesiredCapacity",
              "GroupInServiceInstances",
              "GroupMaxSize",
              "GroupMinSize",
              "GroupTotalInstances"
            ],
            "force_delete": false,
            "force_delete_warm_pool": false,
            "health_check_grace_period": 300,
            "health_check_type": "ELB",
            "id": "hammad-Infra-asg",
            "ignore_failed_scaling_activities": false,
            "initial_lifecycle_hook": [],
            "instance_refresh": [],
            "launch_configuration": "",
            "launch_template": [
              {
                "id": "lt-0789aaabb51c4c80d",
                "name": "prod-hammad-Infra-tpl",
                "version": "2"
              }
            ],
            "load_balancers": [],
            "max_instance_lifetime": 0,
            "max_size": 5,
            "metrics_granularity": "1Minute",
            "min_elb_capacity": null,
            "min_size": 2,
            "mixed_instances_policy": [],
            "name": "hammad-Infra-asg",
            "name_prefix": "",
            "placement_group": "",
            "predicted_capacity": 0,
            "protect_from_scale_in": false,
            "service_linked_role_arn": "arn:aws:iam::489994096722:role/aws-service-role/autoscaling.amazonaws.com/AWSServiceRoleForAutoScaling",
            "suspended_processes": null,
            "tag": [],
            "target_group_arns": [
              "arn:aws:elasticloadbalancing:us-east-1:489994096722:targetgroup/prod-hammad-Infra-tg/d54d96f760172199"
            ],
            "termination_policies": null,
            "timeouts": null,
            "traffic_source": [
              {
                "identifier": "arn:aws:elasticloadbalancing:us-east-1:489994096722:targetgroup/prod-hammad-Infra-tg/d54d96f760172199",
                "type": "elbv2"
              }
            ],
            "vpc_zone_identifier": [
              "subnet-0674b14db1957c3ef",
              "subnet-0686f12fe42aa919e"
            ],
            "wait_for_capacity_timeout": "10m",
            "wait_for_elb_capacity": null,
            "warm_pool": [],
            "warm_pool_size": 0
          },
          "sensitive_attributes": [],
          "private": "eyJlMmJmYjczMC1lY2FhLTExZTYtOGY4OC0zNDM2M2JjN2M0YzAiOnsiZGVsZXRlIjo2MDAwMDAwMDAwMDAsInVwZGF0ZSI6NjAwMDAwMDAwMDAwfSwic2NoZW1hX3ZlcnNpb24iOiIxIn0=",
          "dependencies": [
            "module.alb.aws_lb_target_group.alb_target_group",
            "module.asg.aws_launch_template.lt_name",
            "module.backend.aws_instance.backend",
            "module.database.aws_instance.database",
            "module.key.aws_key_pair.ssh_key",
            "module.security-group.aws_security_group.my_sg",
            "module.vpc.aws_internet_gateway.internet_gateway",
            "module.vpc.aws_subnet.pri_subnets",
            "module.vpc.aws_subnet.pub_subnets",
            "module.vpc.aws_vpc.vpc",
            "module.vpc.data.aws_availability_zones.available_zones"
          ]
        }
      ]
    },
    {
      "module": "module.asg",
      "mode": "managed",
      "type": "aws_autoscaling_policy",
      "name": "scale_down",
      "provider": "provider[\"registry.terraform.io/hashicorp/aws\"]",
      "instances": [
        {
          "schema_version": 0,
          "attributes": {
            "adjustment_type": "ChangeInCapacity",
            "arn": "arn:aws:autoscaling:us-east-1:489994096722:scalingPolicy:280d4f7e-684f-4007-ba73-5f5b4afdb41b:autoScalingGroupName/hammad-Infra-asg:policyName/prod-hammad-Infra-asg-scale-down",
            "autoscaling_group_name": "hammad-Infra-asg",
            "cooldown": 0,
            "enabled": true,
            "estimated_instance_warmup": 0,
            "id": "prod-hammad-Infra-asg-scale-down",
            "metric_aggregation_type": "Average",
            "min_adjustment_magnitude": 0,
            "name": "prod-hammad-Infra-asg-scale-down",
            "policy_type": "StepScaling",
            "predictive_scaling_configuration": [],
            "scaling_adjustment": 0,
            "step_adjustment": [
              {
                "metric_interval_lower_bound": "",
                "metric_interval_upper_bound": "-25",
                "scaling_adjustment": -1
              },
              {
                "metric_interval_lower_bound": "-25",
                "metric_interval_upper_bound": "0",
                "scaling_adjustment": -1
              }
            ],
            "target_tracking_configuration": []
          },
          "sensitive_attributes": [],
          "private": "bnVsbA==",
          "dependencies": [
            "module.alb.aws_lb_target_group.alb_target_group",
            "module.asg.aws_autoscaling_group.asg_name",
            "module.asg.aws_launch_template.lt_name",
            "module.backend.aws_instance.backend",
            "module.database.aws_instance.database",
            "module.key.aws_key_pair.ssh_key",
            "module.security-group.aws_security_group.my_sg",
            "module.vpc.aws_internet_gateway.internet_gateway",
            "module.vpc.aws_subnet.pri_subnets",
            "module.vpc.aws_subnet.pub_subnets",
            "module.vpc.aws_vpc.vpc",
            "module.vpc.data.aws_availability_zones.available_zones"
          ]
        }
      ]
    },
    {
      "module": "module.asg",
      "mode": "managed",
      "type": "aws_autoscaling_policy",
      "name": "scale_up",
      "provider": "provider[\"registry.terraform.io/hashicorp/aws\"]",
      "instances": [
        {
          "schema_version": 0,
          "attributes": {
            "adjustment_type": "ChangeInCapacity",
            "arn": "arn:aws:autoscaling:us-east-1:489994096722:scalingPolicy:ca4b036c-0c2c-4df0-81d3-4c03b9c6ece3:autoScalingGroupName/hammad-Infra-asg:policyName/prod-hammad-Infra-asg-scale-up",
            "autoscaling_group_name": "hammad-Infra-asg",
            "cooldown": 0,
            "enabled": true,
            "estimated_instance_warmup": 0,
            "id": "prod-hammad-Infra-asg-scale-up",
            "metric_aggregation_type": "Average",
            "min_adjustment_magnitude": 0,
            "name": "prod-hammad-Infra-asg-scale-up",
            "policy_type": "StepScaling",
            "predictive_scaling_configuration": [],
            "scaling_adjustment": 0,
            "step_adjustment": [
              {
                "metric_interval_lower_bound": "0",
                "metric_interval_upper_bound": "15",
                "scaling_adjustment": 1
              },
              {
                "metric_interval_lower_bound": "15",
                "metric_interval_upper_bound": "25",
                "scaling_adjustment": 1
              },
              {
                "metric_interval_lower_bound": "25",
                "metric_interval_upper_bound": "",
                "scaling_adjustment": 1
              }
            ],
            "target_tracking_configuration": []
          },
          "sensitive_attributes": [],
          "private": "bnVsbA==",
          "dependencies": [
            "module.alb.aws_lb_target_group.alb_target_group",
            "module.asg.aws_autoscaling_group.asg_name",
            "module.asg.aws_launch_template.lt_name",
            "module.backend.aws_instance.backend",
            "module.database.aws_instance.database",
            "module.key.aws_key_pair.ssh_key",
            "module.security-group.aws_security_group.my_sg",
            "module.vpc.aws_internet_gateway.internet_gateway",
            "module.vpc.aws_subnet.pri_subnets",
            "module.vpc.aws_subnet.pub_subnets",
            "module.vpc.aws_vpc.vpc",
            "module.vpc.data.aws_availability_zones.available_zones"
          ]
        }
      ]
    },
    {
      "module": "module.asg",
      "mode": "managed",
      "type": "aws_cloudwatch_metric_alarm",
      "name": "scale_down_alarm",
      "provider": "provider[\"registry.terraform.io/hashicorp/aws\"]",
      "instances": [
        {
          "schema_version": 1,
          "attributes": {
            "actions_enabled": true,
            "alarm_actions": [
              "arn:aws:autoscaling:us-east-1:489994096722:scalingPolicy:280d4f7e-684f-4007-ba73-5f5b4afdb41b:autoScalingGroupName/hammad-Infra-asg:policyName/prod-hammad-Infra-asg-scale-down"
            ],
            "alarm_description": "asg-scale-down-cpu-alarm",
            "alarm_name": "prod-hammad-Infra-asg-scale-down-alarm",
            "arn": "arn:aws:cloudwatch:us-east-1:489994096722:alarm:prod-hammad-Infra-asg-scale-down-alarm",
            "comparison_operator": "LessThanOrEqualToThreshold",
            "datapoints_to_alarm": 0,
            "dimensions": {
              "AutoScalingGroupName": "hammad-Infra-asg"
            },
            "evaluate_low_sample_count_percentiles": "",
            "evaluation_periods": 1,
            "extended_statistic": "",
            "id": "prod-hammad-Infra-asg-scale-down-alarm",
            "insufficient_data_actions": null,
            "metric_name": "CPUUtilization",
            "metric_query": [],
            "namespace": "AWS/EC2",
            "ok_actions": null,
            "period": 60,
            "statistic": "Average",
            "tags": null,
            "tags_all": {},
            "threshold": 50,
            "threshold_metric_id": "",
            "treat_missing_data": "missing",
            "unit": ""
          },
          "sensitive_attributes": [],
          "private": "eyJzY2hlbWFfdmVyc2lvbiI6IjEifQ==",
          "dependencies": [
            "module.alb.aws_lb_target_group.alb_target_group",
            "module.asg.aws_autoscaling_group.asg_name",
            "module.asg.aws_autoscaling_policy.scale_down",
            "module.asg.aws_launch_template.lt_name",
            "module.backend.aws_instance.backend",
            "module.database.aws_instance.database",
            "module.key.aws_key_pair.ssh_key",
            "module.security-group.aws_security_group.my_sg",
            "module.vpc.aws_internet_gateway.internet_gateway",
            "module.vpc.aws_subnet.pri_subnets",
            "module.vpc.aws_subnet.pub_subnets",
            "module.vpc.aws_vpc.vpc",
            "module.vpc.data.aws_availability_zones.available_zones"
          ]
        }
      ]
    },
    {
      "module": "module.asg",
      "mode": "managed",
      "type": "aws_cloudwatch_metric_alarm",
      "name": "scale_up_alarm",
      "provider": "provider[\"registry.terraform.io/hashicorp/aws\"]",
      "instances": [
        {
          "schema_version": 1,
          "attributes": {
            "actions_enabled": true,
            "alarm_actions": [
              "arn:aws:autoscaling:us-east-1:489994096722:scalingPolicy:ca4b036c-0c2c-4df0-81d3-4c03b9c6ece3:autoScalingGroupName/hammad-Infra-asg:policyName/prod-hammad-Infra-asg-scale-up"
            ],
            "alarm_description": "asg-scale-up-cpu-alarm",
            "alarm_name": "prod-hammad-Infra-asg-scale-up-alarm",
            "arn": "arn:aws:cloudwatch:us-east-1:489994096722:alarm:prod-hammad-Infra-asg-scale-up-alarm",
            "comparison_operator": "GreaterThanOrEqualToThreshold",
            "datapoints_to_alarm": 0,
            "dimensions": {
              "AutoScalingGroupName": "hammad-Infra-asg"
            },
            "evaluate_low_sample_count_percentiles": "",
            "evaluation_periods": 1,
            "extended_statistic": "",
            "id": "prod-hammad-Infra-asg-scale-up-alarm",
            "insufficient_data_actions": null,
            "metric_name": "CPUUtilization",
            "metric_query": [],
            "namespace": "AWS/EC2",
            "ok_actions": null,
            "period": 60,
            "statistic": "Average",
            "tags": null,
            "tags_all": {},
            "threshold": 50,
            "threshold_metric_id": "",
            "treat_missing_data": "missing",
            "unit": ""
          },
          "sensitive_attributes": [],
          "private": "eyJzY2hlbWFfdmVyc2lvbiI6IjEifQ==",
          "dependencies": [
            "module.alb.aws_lb_target_group.alb_target_group",
            "module.asg.aws_autoscaling_group.asg_name",
            "module.asg.aws_autoscaling_policy.scale_up",
            "module.asg.aws_launch_template.lt_name",
            "module.backend.aws_instance.backend",
            "module.database.aws_instance.database",
            "module.key.aws_key_pair.ssh_key",
            "module.security-group.aws_security_group.my_sg",
            "module.vpc.aws_internet_gateway.internet_gateway",
            "module.vpc.aws_subnet.pri_subnets",
            "module.vpc.aws_subnet.pub_subnets",
            "module.vpc.aws_vpc.vpc",
            "module.vpc.data.aws_availability_zones.available_zones"
          ]
        }
      ]
    },
    {
      "module": "module.asg",
      "mode": "managed",
      "type": "aws_launch_template",
      "name": "lt_name",
      "provider": "provider[\"registry.terraform.io/hashicorp/aws\"]",
      "instances": [
        {
          "schema_version": 0,
          "attributes": {
            "arn": "arn:aws:ec2:us-east-1:489994096722:launch-template/lt-0789aaabb51c4c80d",
            "block_device_mappings": [],
            "capacity_reservation_specification": [],
            "cpu_options": [],
            "credit_specification": [],
            "default_version": 1,
            "description": "",
            "disable_api_stop": false,
            "disable_api_termination": false,
            "ebs_optimized": "",
            "elastic_gpu_specifications": [],
            "elastic_inference_accelerator": [],
            "enclave_options": [],
            "hibernation_options": [],
            "iam_instance_profile": [],
            "id": "lt-0789aaabb51c4c80d",
            "image_id": "ami-0fc5d935ebf8bc3bc",
            "instance_initiated_shutdown_behavior": "",
            "instance_market_options": [],
            "instance_requirements": [],
            "instance_type": "t2.micro",
            "kernel_id": "",
            "key_name": "ssh_key",
            "latest_version": 2,
            "license_specification": [],
            "maintenance_options": [],
            "metadata_options": [],
            "monitoring": [],
            "name": "prod-hammad-Infra-tpl",
            "name_prefix": "",
            "network_interfaces": [],
            "placement": [],
            "private_dns_name_options": [],
            "ram_disk_id": "",
            "security_group_names": [],
            "tag_specifications": [],
            "tags": {
              "Name": "prod-hammad-Infra-tpl"
            },
            "tags_all": {
              "Name": "prod-hammad-Infra-tpl"
            },
            "update_default_version": null,
            "user_data": "IyEvYmluL2Jhc2gKIyA9PT09PT09PT09PT09PT09PT09PT09PT09PT1TZXR0aW5nVXAgRW52aXJubWVudCBmb3IgQXBwbGljYXRpb249PT09PT09PT09PT09PT09PT09PT09PT09PT09PT09PT09PT09PT09PT09PQoKIyBVcGRhdGluZyB0aGUgYmFzaApzdWRvIGFwdCB1cGRhdGUKc3VkbyBhcHQgdXBncmFkZQoKI0luc3RhbGxpbmcgbGF0ZXN0IG5vZGVqcwpjdXJsIC1vLSBodHRwczovL3Jhdy5naXRodWJ1c2VyY29udGVudC5jb20vbnZtLXNoL252bS92MC4zOC4wL2luc3RhbGwuc2ggfCBiYXNoCmV4cG9ydCBOVk1fRElSPSIkSE9NRS8ubnZtIgojIFRoaXMgbG9hZHMgbnZtClsgLXMgIiROVk1fRElSL252bS5zaCIgXSAmJiBcLiAiJE5WTV9ESVIvbnZtLnNoIgojIFRoaXMgbG9hZHMgbnZtIGJhc2hfY29tcGxldGlvbgpbIC1zICIkTlZNX0RJUi9iYXNoX2NvbXBsZXRpb24iIF0gJiYgXC4gIiROVk1fRElSL2Jhc2hfY29tcGxldGlvbiIKCm52bSBpbnN0YWxsIDE4LjE4LjAKIyA9PT09PT09PT09PT09PT09PT09PT09PT09PT1EZXBsb3lpbmcgQXBwbGljYXRpb249PT09PT09PT09PT09PT09PT09PT09PT09PT09PT09PT09PT09PT09PT09PQojaW5zdGFsbGluZyBuZ2lueCAKCnN1ZG8gYXB0IGluc3RhbGwgbmdpbnggLXkKI0dldHRpbmcgdGhlIElwIG9mIGN1cnJlY3Qgc2VydmVyCklQPSQoY3VybCAtcyBpZmNvbmZpZy5tZSkKCm1rZGlyIC92YXIvd3d3LyRJUAoKc3VkbyBjaG1vZCA3NTUgLVIgL3Zhci93d3cvJElQLwpzdWRvIGNob3duIC1SIHVidW50dTp3d3ctZGF0YSAvdmFyL3d3dy8kSVAKCiNtYWtpbmcgdGhlIGNvbmZpZ3VyYXRpb24gZmlsZSBmb3IgbmdpbngKc3VkbyB0b3VjaCAvZXRjL25naW54L3NpdGVzLWF2YWlsYWJsZS8kSVAgCiMgU2V0IHRoZSBmaWxlIHBhdGggYW5kIGNvbnRlbnQgZm9yIHRoZSBOZ2lueCBjb25maWd1cmF0aW9uCkZJTEVfUEFUSD0iL2V0Yy9uZ2lueC9zaXRlcy1hdmFpbGFibGUvJElQIgpDT05GSUdfQ09OVEVOVD0kKGNhdCA8PEVPTApzZXJ2ZXIgewogICAgbGlzdGVuIDgwOwogICAgbGlzdGVuIFs6Ol06ODA7CiAgICByb290IC92YXIvd3d3LyRJUDsKICAgIGluZGV4IGluZGV4Lmh0bWw7CiAgICBsb2NhdGlvbiAvYXBpLyB7CiAgICAgICAgcHJveHlfcGFzcyBodHRwOi8vMTAuMC40LjExODozMDAxOwogICAgfQp9CkVPTAopCiMgQ3JlYXRlIGFuZCB3cml0ZSB0aGUgTmdpbnggY29uZmlndXJhdGlvbiBmaWxlCmVjaG8gIiRDT05GSUdfQ09OVEVOVCIgfCBzdWRvIHRlZSAiJEZJTEVfUEFUSCIgPiAvZGV2L251bGwKCgojdW5saW5raW5nIHRoZSBkZWZhdWx0IGNvbmYgZmlsZSAKc3VkbyB1bmxpbmsgL2V0Yy9uZ2lueC9zaXRlcy1lbmFibGVkL2RlZmF1bHQKI2xpbmtpbmcgdGhlIG5ldyBmaWxlCnN1ZG8gbG4gLXMgL2V0Yy9uZ2lueC9zaXRlcy1hdmFpbGFibGUvJElQIC9ldGMvbmdpbngvc2l0ZXMtZW5hYmxlZC8gCiNyZXN0YXJ0aW5nIG5naW54CnN1ZG8gc3lzdGVtY3RsIHJlc3RhcnQgbmdpbngKCiNpbnN0YWxsaW5nIGdpdCAKc3VkbyBhcHQgaW5zdGFsbCBnaXQKCiNjbG9uaW5nIGJ1aWxkIGZyb20gZ2l0IApnaXQgY2xvbmUgaHR0cHM6Ly9naXRodWIuY29tL2hhbW1hZG1hbGlrOTU2L0Rldk9wc0J1aWxkLmdpdAoKI21vdmluZyBidWlsZCBmaWxlcyB0byBkZXN0aW5hdGlvbiAvdmFyL3d3dy8kSVAKc3VkbyBjcCAtciBEZXZPcHNCdWlsZC8qIC92YXIvd3d3LyRJUC8KCiNyZW1vdmluZyB0aGUgYnVpbGQgZmlsZXMgCnN1ZG8gcm0gLXJmIERldk9wc0J1aWxkCgoK",
            "vpc_security_group_ids": [
              "sg-03109bd97b2a0b473"
            ]
          },
          "sensitive_attributes": [],
          "private": "bnVsbA==",
          "dependencies": [
            "module.backend.aws_instance.backend",
            "module.database.aws_instance.database",
            "module.key.aws_key_pair.ssh_key",
            "module.security-group.aws_security_group.my_sg",
            "module.vpc.aws_internet_gateway.internet_gateway",
            "module.vpc.aws_subnet.pri_subnets",
            "module.vpc.aws_subnet.pub_subnets",
            "module.vpc.aws_vpc.vpc",
            "module.vpc.data.aws_availability_zones.available_zones"
          ]
        }
      ]
    },
    {
      "module": "module.backend",
      "mode": "managed",
      "type": "aws_instance",
      "name": "backend",
      "provider": "provider[\"registry.terraform.io/hashicorp/aws\"]",
      "instances": [
        {
          "schema_version": 1,
          "attributes": {
            "ami": "ami-0fc5d935ebf8bc3bc",
            "arn": "arn:aws:ec2:us-east-1:489994096722:instance/i-034d19d9018f60d0e",
            "associate_public_ip_address": false,
            "availability_zone": "us-east-1b",
            "capacity_reservation_specification": [
              {
                "capacity_reservation_preference": "open",
                "capacity_reservation_target": []
              }
            ],
            "cpu_core_count": 1,
            "cpu_options": [
              {
                "amd_sev_snp": "",
                "core_count": 1,
                "threads_per_core": 1
              }
            ],
            "cpu_threads_per_core": 1,
            "credit_specification": [
              {
                "cpu_credits": "standard"
              }
            ],
            "disable_api_stop": false,
            "disable_api_termination": false,
            "ebs_block_device": [],
            "ebs_optimized": false,
            "enclave_options": [
              {
                "enabled": false
              }
            ],
            "ephemeral_block_device": [],
            "get_password_data": false,
            "hibernation": false,
            "host_id": "",
            "host_resource_group_arn": null,
            "iam_instance_profile": "",
            "id": "i-034d19d9018f60d0e",
            "instance_initiated_shutdown_behavior": "stop",
            "instance_lifecycle": "",
            "instance_market_options": [],
            "instance_state": "running",
            "instance_type": "t2.micro",
            "ipv6_address_count": 0,
            "ipv6_addresses": [],
            "key_name": "ssh_key",
            "launch_template": [],
            "maintenance_options": [
              {
                "auto_recovery": "default"
              }
            ],
            "metadata_options": [
              {
                "http_endpoint": "enabled",
                "http_protocol_ipv6": "disabled",
                "http_put_response_hop_limit": 1,
                "http_tokens": "optional",
                "instance_metadata_tags": "disabled"
              }
            ],
            "monitoring": false,
            "network_interface": [],
            "outpost_arn": "",
            "password_data": "",
            "placement_group": "",
            "placement_partition_number": 0,
            "primary_network_interface_id": "eni-04b9f2d252f334759",
            "private_dns": "ip-10-0-4-118.ec2.internal",
            "private_dns_name_options": [
              {
                "enable_resource_name_dns_a_record": false,
                "enable_resource_name_dns_aaaa_record": false,
                "hostname_type": "ip-name"
              }
            ],
            "private_ip": "10.0.4.118",
            "public_dns": "",
            "public_ip": "",
            "root_block_device": [
              {
                "delete_on_termination": true,
                "device_name": "/dev/sda1",
                "encrypted": false,
                "iops": 100,
                "kms_key_id": "",
                "tags": {},
                "throughput": 0,
                "volume_id": "vol-0f8c97c8abcd8731f",
                "volume_size": 8,
                "volume_type": "gp2"
              }
            ],
            "secondary_private_ips": [],
            "security_groups": [],
            "source_dest_check": true,
            "spot_instance_request_id": "",
            "subnet_id": "subnet-056cb556866db1abc",
            "tags": {
              "Name": "prod-hammad-Infra-backend"
            },
            "tags_all": {
              "Name": "prod-hammad-Infra-backend"
            },
            "tenancy": "default",
            "timeouts": null,
            "user_data": "c62d0158461f45b0acae8425c4539e17040f6dd0",
            "user_data_base64": null,
            "user_data_replace_on_change": false,
            "volume_tags": null,
            "vpc_security_group_ids": [
              "sg-03352f27a0d41a758"
            ]
          },
          "sensitive_attributes": [],
          "private": "eyJlMmJmYjczMC1lY2FhLTExZTYtOGY4OC0zNDM2M2JjN2M0YzAiOnsiY3JlYXRlIjo2MDAwMDAwMDAwMDAsImRlbGV0ZSI6MTIwMDAwMDAwMDAwMCwidXBkYXRlIjo2MDAwMDAwMDAwMDB9LCJzY2hlbWFfdmVyc2lvbiI6IjEifQ==",
          "dependencies": [
            "module.database.aws_instance.database",
            "module.key.aws_key_pair.ssh_key",
            "module.security-group.aws_security_group.my_sg",
            "module.vpc.aws_internet_gateway.internet_gateway",
            "module.vpc.aws_subnet.pri_subnets",
            "module.vpc.aws_subnet.pub_subnets",
            "module.vpc.aws_vpc.vpc",
            "module.vpc.data.aws_availability_zones.available_zones"
          ]
        }
      ]
    },
    {
      "module": "module.database",
      "mode": "managed",
      "type": "aws_instance",
      "name": "database",
      "provider": "provider[\"registry.terraform.io/hashicorp/aws\"]",
      "instances": [
        {
          "schema_version": 1,
          "attributes": {
            "ami": "ami-0fc5d935ebf8bc3bc",
            "arn": "arn:aws:ec2:us-east-1:489994096722:instance/i-0ce51390dbbf9f6c2",
            "associate_public_ip_address": false,
            "availability_zone": "us-east-1a",
            "capacity_reservation_specification": [
              {
                "capacity_reservation_preference": "open",
                "capacity_reservation_target": []
              }
            ],
            "cpu_core_count": 1,
            "cpu_options": [
              {
                "amd_sev_snp": "",
                "core_count": 1,
                "threads_per_core": 1
              }
            ],
            "cpu_threads_per_core": 1,
            "credit_specification": [
              {
                "cpu_credits": "standard"
              }
            ],
            "disable_api_stop": false,
            "disable_api_termination": false,
            "ebs_block_device": [],
            "ebs_optimized": false,
            "enclave_options": [
              {
                "enabled": false
              }
            ],
            "ephemeral_block_device": [],
            "get_password_data": false,
            "hibernation": false,
            "host_id": "",
            "host_resource_group_arn": null,
            "iam_instance_profile": "",
            "id": "i-0ce51390dbbf9f6c2",
            "instance_initiated_shutdown_behavior": "stop",
            "instance_lifecycle": "",
            "instance_market_options": [],
            "instance_state": "running",
            "instance_type": "t2.micro",
            "ipv6_address_count": 0,
            "ipv6_addresses": [],
            "key_name": "ssh_key",
            "launch_template": [],
            "maintenance_options": [
              {
                "auto_recovery": "default"
              }
            ],
            "metadata_options": [
              {
                "http_endpoint": "enabled",
                "http_protocol_ipv6": "disabled",
                "http_put_response_hop_limit": 1,
                "http_tokens": "optional",
                "instance_metadata_tags": "disabled"
              }
            ],
            "monitoring": false,
            "network_interface": [],
            "outpost_arn": "",
            "password_data": "",
            "placement_group": "",
            "placement_partition_number": 0,
            "primary_network_interface_id": "eni-0c1cd61fc4fbd794a",
            "private_dns": "ip-10-0-5-42.ec2.internal",
            "private_dns_name_options": [
              {
                "enable_resource_name_dns_a_record": false,
                "enable_resource_name_dns_aaaa_record": false,
                "hostname_type": "ip-name"
              }
            ],
            "private_ip": "10.0.5.42",
            "public_dns": "",
            "public_ip": "",
            "root_block_device": [
              {
                "delete_on_termination": true,
                "device_name": "/dev/sda1",
                "encrypted": false,
                "iops": 100,
                "kms_key_id": "",
                "tags": {},
                "throughput": 0,
                "volume_id": "vol-09e59bcf530cf1457",
                "volume_size": 8,
                "volume_type": "gp2"
              }
            ],
            "secondary_private_ips": [],
            "security_groups": [],
            "source_dest_check": true,
            "spot_instance_request_id": "",
            "subnet_id": "subnet-02caf5cb37459af6d",
            "tags": {
              "Name": "prod-hammad-Infra-database"
            },
            "tags_all": {
              "Name": "prod-hammad-Infra-database"
            },
            "tenancy": "default",
            "timeouts": null,
            "user_data": "b107d6bc26f6f1ea42f6cc3b175d92d6b32fcd28",
            "user_data_base64": null,
            "user_data_replace_on_change": false,
            "volume_tags": null,
            "vpc_security_group_ids": [
              "sg-0eac70fa56e80d52f"
            ]
          },
          "sensitive_attributes": [],
          "private": "eyJlMmJmYjczMC1lY2FhLTExZTYtOGY4OC0zNDM2M2JjN2M0YzAiOnsiY3JlYXRlIjo2MDAwMDAwMDAwMDAsImRlbGV0ZSI6MTIwMDAwMDAwMDAwMCwidXBkYXRlIjo2MDAwMDAwMDAwMDB9LCJzY2hlbWFfdmVyc2lvbiI6IjEifQ==",
          "dependencies": [
            "module.key.aws_key_pair.ssh_key",
            "module.security-group.aws_security_group.my_sg",
            "module.vpc.aws_internet_gateway.internet_gateway",
            "module.vpc.aws_subnet.pri_subnets",
            "module.vpc.aws_subnet.pub_subnets",
            "module.vpc.aws_vpc.vpc",
            "module.vpc.data.aws_availability_zones.available_zones"
          ]
        }
      ]
    },
    {
      "module": "module.key",
      "mode": "managed",
      "type": "aws_key_pair",
      "name": "ssh_key",
      "provider": "provider[\"registry.terraform.io/hashicorp/aws\"]",
      "instances": [
        {
          "schema_version": 1,
          "attributes": {
            "arn": "arn:aws:ec2:us-east-1:489994096722:key-pair/ssh_key",
            "fingerprint": "53:eb:97:fd:ab:59:13:74:ea:2a:99:d2:0e:a6:a1:37",
            "id": "ssh_key",
            "key_name": "ssh_key",
            "key_name_prefix": "",
            "key_pair_id": "key-06c25c917420194ef",
            "key_type": "rsa",
            "public_key": "ssh-rsa AAAAB3NzaC1yc2EAAAADAQABAAABAQCibawhQAaeB2iKe85NodDx6E59GrOGnrK6LbnRgyaN8lT+CW6QJ2ItItJc6Jo+tQjiNiV5V87R2x8dO2Xzp6RhaSr9uetLEnRi+qDbr0CAX+j4pK3B+q+rg8KWlZxmegrE1me6sIyAD0yEnR+HxvVlcycm5uO3pTuP5xPBR/+eyrxceiBMSXkE3WkoMWNIOtbT8q7SC5O487AJBxaljdeJUKLyeIMtM7dVy61Gu0W/aB03lVdGXEI3pHwfaT7JsOD8FIVwB7InknzbSbglIAecCNTrv6Z8uyfhTMsKiTtkSuMyyu9oh+g/uk7qihcEP0nrqNrz8rEmVUoRYL620FEZ eurus@eurus-ThinkPad-T460",
            "tags": {},
            "tags_all": {}
          },
          "sensitive_attributes": [],
          "private": "eyJzY2hlbWFfdmVyc2lvbiI6IjEifQ=="
        }
      ]
    },
    {
      "module": "module.route53",
      "mode": "data",
      "type": "aws_route53_zone",
      "name": "public-zone",
      "provider": "provider[\"registry.terraform.io/hashicorp/aws\"]",
      "instances": [
        {
          "schema_version": 0,
          "attributes": {
            "arn": "arn:aws:route53:::hostedzone/Z074130239BXW7W2J0TY9",
            "caller_reference": "57832466-e8e1-495c-8565-e0b2d4cc679b",
            "comment": "",
            "id": "Z074130239BXW7W2J0TY9",
            "linked_service_description": null,
            "linked_service_principal": null,
            "name": "groveops.net",
            "name_servers": [
              "ns-852.awsdns-42.net",
              "ns-1752.awsdns-27.co.uk",
              "ns-1184.awsdns-20.org",
              "ns-271.awsdns-33.com"
            ],
            "primary_name_server": "ns-852.awsdns-42.net",
            "private_zone": false,
            "resource_record_set_count": 138,
            "tags": {},
            "vpc_id": null,
            "zone_id": "Z074130239BXW7W2J0TY9"
          },
          "sensitive_attributes": []
        }
      ]
    },
    {
      "module": "module.route53",
      "mode": "managed",
      "type": "aws_route53_record",
      "name": "subdomain_record",
      "provider": "provider[\"registry.terraform.io/hashicorp/aws\"]",
      "instances": [
        {
          "schema_version": 2,
          "attributes": {
            "alias": [
              {
                "evaluate_target_health": false,
                "name": "prod-hammad-infra-alb-1077902094.us-east-1.elb.amazonaws.com",
                "zone_id": "Z35SXDOTRQ7X7K"
              }
            ],
            "allow_overwrite": null,
            "cidr_routing_policy": [],
            "failover_routing_policy": [],
            "fqdn": "hammad.groveops.net",
            "geolocation_routing_policy": [],
            "health_check_id": "",
            "id": "Z074130239BXW7W2J0TY9_hammad.groveops.net_A",
            "latency_routing_policy": [],
            "multivalue_answer_routing_policy": false,
            "name": "hammad.groveops.net",
            "records": [],
            "set_identifier": "",
            "ttl": 0,
            "type": "A",
            "weighted_routing_policy": [],
            "zone_id": "Z074130239BXW7W2J0TY9"
          },
          "sensitive_attributes": [],
          "private": "eyJzY2hlbWFfdmVyc2lvbiI6IjIifQ==",
          "dependencies": [
            "module.alb.aws_lb.application_load_balancer",
            "module.route53.data.aws_route53_zone.public-zone",
            "module.security-group.aws_security_group.my_sg",
            "module.vpc.aws_internet_gateway.internet_gateway",
            "module.vpc.aws_subnet.pri_subnets",
            "module.vpc.aws_subnet.pub_subnets",
            "module.vpc.aws_vpc.vpc",
            "module.vpc.data.aws_availability_zones.available_zones"
          ]
        }
      ]
    },
    {
      "module": "module.security-group",
      "mode": "managed",
      "type": "aws_security_group",
      "name": "my_sg",
      "provider": "provider[\"registry.terraform.io/hashicorp/aws\"]",
      "instances": [
        {
          "index_key": 0,
          "schema_version": 1,
          "attributes": {
            "arn": "arn:aws:ec2:us-east-1:489994096722:security-group/sg-03109bd97b2a0b473",
            "description": "Security group for Alb-sg",
            "egress": [
              {
                "cidr_blocks": [
                  "0.0.0.0/0"
                ],
                "description": "",
                "from_port": 0,
                "ipv6_cidr_blocks": [],
                "prefix_list_ids": [],
                "protocol": "-1",
                "security_groups": [],
                "self": false,
                "to_port": 0
              }
            ],
            "id": "sg-03109bd97b2a0b473",
            "ingress": [
              {
                "cidr_blocks": [
                  "0.0.0.0/0"
                ],
                "description": "access",
                "from_port": 22,
                "ipv6_cidr_blocks": [],
                "prefix_list_ids": [],
                "protocol": "tcp",
                "security_groups": [],
                "self": false,
                "to_port": 22
              },
              {
                "cidr_blocks": [
                  "0.0.0.0/0"
                ],
                "description": "access",
                "from_port": 443,
                "ipv6_cidr_blocks": [],
                "prefix_list_ids": [],
                "protocol": "tcp",
                "security_groups": [],
                "self": false,
                "to_port": 443
              },
              {
                "cidr_blocks": [
                  "0.0.0.0/0"
                ],
                "description": "access",
                "from_port": 80,
                "ipv6_cidr_blocks": [],
                "prefix_list_ids": [],
                "protocol": "tcp",
                "security_groups": [],
                "self": false,
                "to_port": 80
              }
            ],
            "name": "Alb-sg",
            "name_prefix": "",
            "owner_id": "489994096722",
            "revoke_rules_on_delete": false,
            "tags": {
              "Name": "prod-Alb-sg"
            },
            "tags_all": {
              "Name": "prod-Alb-sg"
            },
            "timeouts": null,
            "vpc_id": "vpc-0ded26fe1cc34f3e2"
          },
          "sensitive_attributes": [],
          "private": "eyJlMmJmYjczMC1lY2FhLTExZTYtOGY4OC0zNDM2M2JjN2M0YzAiOnsiY3JlYXRlIjo2MDAwMDAwMDAwMDAsImRlbGV0ZSI6OTAwMDAwMDAwMDAwfSwic2NoZW1hX3ZlcnNpb24iOiIxIn0=",
          "dependencies": [
            "module.vpc.aws_internet_gateway.internet_gateway",
            "module.vpc.aws_subnet.pri_subnets",
            "module.vpc.aws_subnet.pub_subnets",
            "module.vpc.aws_vpc.vpc",
            "module.vpc.data.aws_availability_zones.available_zones"
          ]
        },
        {
          "index_key": 1,
          "schema_version": 1,
          "attributes": {
            "arn": "arn:aws:ec2:us-east-1:489994096722:security-group/sg-03352f27a0d41a758",
            "description": "Security group for Client-sg",
            "egress": [
              {
                "cidr_blocks": [
                  "0.0.0.0/0"
                ],
                "description": "",
                "from_port": 0,
                "ipv6_cidr_blocks": [],
                "prefix_list_ids": [],
                "protocol": "-1",
                "security_groups": [],
                "self": false,
                "to_port": 0
              }
            ],
            "id": "sg-03352f27a0d41a758",
            "ingress": [
              {
                "cidr_blocks": [
                  "10.0.0.0/16"
                ],
                "description": "access",
                "from_port": 22,
                "ipv6_cidr_blocks": [],
                "prefix_list_ids": [],
                "protocol": "tcp",
                "security_groups": [],
                "self": false,
                "to_port": 22
              },
              {
                "cidr_blocks": [
                  "10.0.0.0/16"
                ],
                "description": "access",
                "from_port": 3001,
                "ipv6_cidr_blocks": [],
                "prefix_list_ids": [],
                "protocol": "tcp",
                "security_groups": [],
                "self": false,
                "to_port": 3001
              }
            ],
            "name": "Client-sg",
            "name_prefix": "",
            "owner_id": "489994096722",
            "revoke_rules_on_delete": false,
            "tags": {
              "Name": "prod-Client-sg"
            },
            "tags_all": {
              "Name": "prod-Client-sg"
            },
            "timeouts": null,
            "vpc_id": "vpc-0ded26fe1cc34f3e2"
          },
          "sensitive_attributes": [],
          "private": "eyJlMmJmYjczMC1lY2FhLTExZTYtOGY4OC0zNDM2M2JjN2M0YzAiOnsiY3JlYXRlIjo2MDAwMDAwMDAwMDAsImRlbGV0ZSI6OTAwMDAwMDAwMDAwfSwic2NoZW1hX3ZlcnNpb24iOiIxIn0=",
          "dependencies": [
            "module.vpc.aws_internet_gateway.internet_gateway",
            "module.vpc.aws_subnet.pri_subnets",
            "module.vpc.aws_subnet.pub_subnets",
            "module.vpc.aws_vpc.vpc",
            "module.vpc.data.aws_availability_zones.available_zones"
          ]
        },
        {
          "index_key": 2,
          "schema_version": 1,
          "attributes": {
            "arn": "arn:aws:ec2:us-east-1:489994096722:security-group/sg-0eac70fa56e80d52f",
            "description": "Security group for db-sg",
            "egress": [
              {
                "cidr_blocks": [
                  "0.0.0.0/0"
                ],
                "description": "",
                "from_port": 0,
                "ipv6_cidr_blocks": [],
                "prefix_list_ids": [],
                "protocol": "-1",
                "security_groups": [],
                "self": false,
                "to_port": 0
              }
            ],
            "id": "sg-0eac70fa56e80d52f",
            "ingress": [
              {
                "cidr_blocks": [
                  "10.0.0.0/16"
                ],
                "description": "access",
                "from_port": 22,
                "ipv6_cidr_blocks": [],
                "prefix_list_ids": [],
                "protocol": "tcp",
                "security_groups": [],
                "self": false,
                "to_port": 22
              },
              {
                "cidr_blocks": [
                  "10.0.0.0/16"
                ],
                "description": "access",
                "from_port": 27017,
                "ipv6_cidr_blocks": [],
                "prefix_list_ids": [],
                "protocol": "tcp",
                "security_groups": [],
                "self": false,
                "to_port": 27017
              }
            ],
            "name": "db-sg",
            "name_prefix": "",
            "owner_id": "489994096722",
            "revoke_rules_on_delete": false,
            "tags": {
              "Name": "prod-db-sg"
            },
            "tags_all": {
              "Name": "prod-db-sg"
            },
            "timeouts": null,
            "vpc_id": "vpc-0ded26fe1cc34f3e2"
          },
          "sensitive_attributes": [],
          "private": "eyJlMmJmYjczMC1lY2FhLTExZTYtOGY4OC0zNDM2M2JjN2M0YzAiOnsiY3JlYXRlIjo2MDAwMDAwMDAwMDAsImRlbGV0ZSI6OTAwMDAwMDAwMDAwfSwic2NoZW1hX3ZlcnNpb24iOiIxIn0=",
          "dependencies": [
            "module.vpc.aws_internet_gateway.internet_gateway",
            "module.vpc.aws_subnet.pri_subnets",
            "module.vpc.aws_subnet.pub_subnets",
            "module.vpc.aws_vpc.vpc",
            "module.vpc.data.aws_availability_zones.available_zones"
          ]
        }
      ]
    },
    {
      "module": "module.vpc",
      "mode": "data",
      "type": "aws_availability_zones",
      "name": "available_zones",
      "provider": "provider[\"registry.terraform.io/hashicorp/aws\"]",
      "instances": [
        {
          "schema_version": 0,
          "attributes": {
            "all_availability_zones": null,
            "exclude_names": null,
            "exclude_zone_ids": null,
            "filter": null,
            "group_names": [
              "us-east-1"
            ],
            "id": "us-east-1",
            "names": [
              "us-east-1a",
              "us-east-1b",
              "us-east-1c",
              "us-east-1d",
              "us-east-1e",
              "us-east-1f"
            ],
            "state": null,
            "timeouts": null,
            "zone_ids": [
              "use1-az2",
              "use1-az4",
              "use1-az6",
              "use1-az1",
              "use1-az3",
              "use1-az5"
            ]
          },
          "sensitive_attributes": []
        }
      ]
    },
    {
      "module": "module.vpc",
      "mode": "managed",
      "type": "aws_eip",
      "name": "eip-nat-a",
      "provider": "provider[\"registry.terraform.io/hashicorp/aws\"]",
      "instances": [
        {
          "schema_version": 0,
          "attributes": {
            "address": null,
            "allocation_id": "eipalloc-0c45a3a0a9202f3c0",
            "associate_with_private_ip": null,
            "association_id": "",
            "carrier_ip": "",
            "customer_owned_ip": "",
            "customer_owned_ipv4_pool": "",
            "domain": "vpc",
            "id": "eipalloc-0c45a3a0a9202f3c0",
            "instance": "",
            "network_border_group": "us-east-1",
            "network_interface": "",
            "private_dns": null,
            "private_ip": "",
            "public_dns": "ec2-54-82-138-224.compute-1.amazonaws.com",
            "public_ip": "54.82.138.224",
            "public_ipv4_pool": "amazon",
            "tags": {
              "Name": "prod-eip-nat-a"
            },
            "tags_all": {
              "Name": "prod-eip-nat-a"
            },
            "timeouts": null,
            "vpc": true
          },
          "sensitive_attributes": [],
          "private": "eyJlMmJmYjczMC1lY2FhLTExZTYtOGY4OC0zNDM2M2JjN2M0YzAiOnsiZGVsZXRlIjoxODAwMDAwMDAwMDAsInJlYWQiOjkwMDAwMDAwMDAwMCwidXBkYXRlIjozMDAwMDAwMDAwMDB9fQ=="
        }
      ]
    },
    {
      "module": "module.vpc",
      "mode": "managed",
      "type": "aws_internet_gateway",
      "name": "internet_gateway",
      "provider": "provider[\"registry.terraform.io/hashicorp/aws\"]",
      "instances": [
        {
          "schema_version": 0,
          "attributes": {
            "arn": "arn:aws:ec2:us-east-1:489994096722:internet-gateway/igw-04b8913308d615c3b",
            "id": "igw-04b8913308d615c3b",
            "owner_id": "489994096722",
            "tags": {
              "Name": "prod-hammad-Infra-igw"
            },
            "tags_all": {
              "Name": "prod-hammad-Infra-igw"
            },
            "timeouts": null,
            "vpc_id": "vpc-0ded26fe1cc34f3e2"
          },
          "sensitive_attributes": [],
          "private": "eyJlMmJmYjczMC1lY2FhLTExZTYtOGY4OC0zNDM2M2JjN2M0YzAiOnsiY3JlYXRlIjoxMjAwMDAwMDAwMDAwLCJkZWxldGUiOjEyMDAwMDAwMDAwMDAsInVwZGF0ZSI6MTIwMDAwMDAwMDAwMH19",
          "dependencies": [
            "module.vpc.aws_vpc.vpc"
          ],
          "create_before_destroy": true
        }
      ]
    },
    {
      "module": "module.vpc",
      "mode": "managed",
      "type": "aws_nat_gateway",
      "name": "nat-a",
      "provider": "provider[\"registry.terraform.io/hashicorp/aws\"]",
      "instances": [
        {
          "index_key": 0,
          "schema_version": 0,
          "attributes": {
            "allocation_id": "eipalloc-0c45a3a0a9202f3c0",
            "association_id": "eipassoc-045711b9b7c6936ad",
            "connectivity_type": "public",
            "id": "nat-02ad1d17c58371c07",
            "network_interface_id": "eni-0aacad7b2e8ac96d4",
            "private_ip": "10.0.1.86",
            "public_ip": "54.82.138.224",
            "secondary_allocation_ids": null,
            "secondary_private_ip_address_count": 0,
            "secondary_private_ip_addresses": [],
            "subnet_id": "subnet-0686f12fe42aa919e",
            "tags": {
              "Name": "prod-nat-a"
            },
            "tags_all": {
              "Name": "prod-nat-a"
            },
            "timeouts": null
          },
          "sensitive_attributes": [],
          "private": "eyJlMmJmYjczMC1lY2FhLTExZTYtOGY4OC0zNDM2M2JjN2M0YzAiOnsiY3JlYXRlIjo2MDAwMDAwMDAwMDAsImRlbGV0ZSI6MTgwMDAwMDAwMDAwMCwidXBkYXRlIjo2MDAwMDAwMDAwMDB9fQ==",
          "dependencies": [
            "module.vpc.aws_eip.eip-nat-a",
            "module.vpc.aws_internet_gateway.internet_gateway",
            "module.vpc.aws_subnet.pub_subnets",
            "module.vpc.aws_vpc.vpc",
            "module.vpc.data.aws_availability_zones.available_zones"
          ]
        }
      ]
    },
    {
      "module": "module.vpc",
      "mode": "managed",
      "type": "aws_route_table",
      "name": "pri-rt-a",
      "provider": "provider[\"registry.terraform.io/hashicorp/aws\"]",
      "instances": [
        {
          "index_key": 0,
          "schema_version": 0,
          "attributes": {
            "arn": "arn:aws:ec2:us-east-1:489994096722:route-table/rtb-08af2a3db0c4504a6",
            "id": "rtb-08af2a3db0c4504a6",
            "owner_id": "489994096722",
            "propagating_vgws": [],
            "route": [
              {
                "carrier_gateway_id": "",
                "cidr_block": "0.0.0.0/0",
                "core_network_arn": "",
                "destination_prefix_list_id": "",
                "egress_only_gateway_id": "",
                "gateway_id": "",
                "ipv6_cidr_block": "",
                "local_gateway_id": "",
                "nat_gateway_id": "nat-02ad1d17c58371c07",
                "network_interface_id": "",
                "transit_gateway_id": "",
                "vpc_endpoint_id": "",
                "vpc_peering_connection_id": ""
              }
            ],
            "tags": {
              "Name": "prod-Pri-rt-a"
            },
            "tags_all": {
              "Name": "prod-Pri-rt-a"
            },
            "timeouts": null,
            "vpc_id": "vpc-0ded26fe1cc34f3e2"
          },
          "sensitive_attributes": [],
          "private": "eyJlMmJmYjczMC1lY2FhLTExZTYtOGY4OC0zNDM2M2JjN2M0YzAiOnsiY3JlYXRlIjozMDAwMDAwMDAwMDAsImRlbGV0ZSI6MzAwMDAwMDAwMDAwLCJ1cGRhdGUiOjEyMDAwMDAwMDAwMH19",
          "dependencies": [
            "module.vpc.aws_eip.eip-nat-a",
            "module.vpc.aws_internet_gateway.internet_gateway",
            "module.vpc.aws_nat_gateway.nat-a",
            "module.vpc.aws_subnet.pub_subnets",
            "module.vpc.aws_vpc.vpc",
            "module.vpc.data.aws_availability_zones.available_zones"
          ]
        }
      ]
    },
    {
      "module": "module.vpc",
      "mode": "managed",
      "type": "aws_route_table",
      "name": "pri-rt-db",
      "provider": "provider[\"registry.terraform.io/hashicorp/aws\"]",
      "instances": [
        {
          "index_key": 0,
          "schema_version": 0,
          "attributes": {
            "arn": "arn:aws:ec2:us-east-1:489994096722:route-table/rtb-0004a65b587f79a51",
            "id": "rtb-0004a65b587f79a51",
            "owner_id": "489994096722",
            "propagating_vgws": [],
            "route": [
              {
                "carrier_gateway_id": "",
                "cidr_block": "0.0.0.0/0",
                "core_network_arn": "",
                "destination_prefix_list_id": "",
                "egress_only_gateway_id": "",
                "gateway_id": "",
                "ipv6_cidr_block": "",
                "local_gateway_id": "",
                "nat_gateway_id": "nat-02ad1d17c58371c07",
                "network_interface_id": "",
                "transit_gateway_id": "",
                "vpc_endpoint_id": "",
                "vpc_peering_connection_id": ""
              }
            ],
            "tags": {
              "Name": "prod-pri-rt-db"
            },
            "tags_all": {
              "Name": "prod-pri-rt-db"
            },
            "timeouts": null,
            "vpc_id": "vpc-0ded26fe1cc34f3e2"
          },
          "sensitive_attributes": [],
          "private": "eyJlMmJmYjczMC1lY2FhLTExZTYtOGY4OC0zNDM2M2JjN2M0YzAiOnsiY3JlYXRlIjozMDAwMDAwMDAwMDAsImRlbGV0ZSI6MzAwMDAwMDAwMDAwLCJ1cGRhdGUiOjEyMDAwMDAwMDAwMH19",
          "dependencies": [
            "module.vpc.aws_eip.eip-nat-a",
            "module.vpc.aws_internet_gateway.internet_gateway",
            "module.vpc.aws_nat_gateway.nat-a",
            "module.vpc.aws_subnet.pub_subnets",
            "module.vpc.aws_vpc.vpc",
            "module.vpc.data.aws_availability_zones.available_zones"
          ]
        }
      ]
    },
    {
      "module": "module.vpc",
      "mode": "managed",
      "type": "aws_route_table",
      "name": "public_route_table",
      "provider": "provider[\"registry.terraform.io/hashicorp/aws\"]",
      "instances": [
        {
          "schema_version": 0,
          "attributes": {
            "arn": "arn:aws:ec2:us-east-1:489994096722:route-table/rtb-0ddd156856e8f083c",
            "id": "rtb-0ddd156856e8f083c",
            "owner_id": "489994096722",
            "propagating_vgws": [],
            "route": [
              {
                "carrier_gateway_id": "",
                "cidr_block": "0.0.0.0/0",
                "core_network_arn": "",
                "destination_prefix_list_id": "",
                "egress_only_gateway_id": "",
                "gateway_id": "igw-04b8913308d615c3b",
                "ipv6_cidr_block": "",
                "local_gateway_id": "",
                "nat_gateway_id": "",
                "network_interface_id": "",
                "transit_gateway_id": "",
                "vpc_endpoint_id": "",
                "vpc_peering_connection_id": ""
              }
            ],
            "tags": {
              "Name": "prod-Public-RT"
            },
            "tags_all": {
              "Name": "prod-Public-RT"
            },
            "timeouts": null,
            "vpc_id": "vpc-0ded26fe1cc34f3e2"
          },
          "sensitive_attributes": [],
          "private": "eyJlMmJmYjczMC1lY2FhLTExZTYtOGY4OC0zNDM2M2JjN2M0YzAiOnsiY3JlYXRlIjozMDAwMDAwMDAwMDAsImRlbGV0ZSI6MzAwMDAwMDAwMDAwLCJ1cGRhdGUiOjEyMDAwMDAwMDAwMH19",
          "dependencies": [
            "module.vpc.aws_internet_gateway.internet_gateway",
            "module.vpc.aws_vpc.vpc"
          ]
        }
      ]
    },
    {
      "module": "module.vpc",
      "mode": "managed",
      "type": "aws_route_table_association",
      "name": "pri-sub-5a-with-pri-rt-b",
      "provider": "provider[\"registry.terraform.io/hashicorp/aws\"]",
      "instances": [
        {
          "index_key": 0,
          "schema_version": 0,
          "attributes": {
            "gateway_id": "",
            "id": "rtbassoc-0320cfe37208e6c69",
            "route_table_id": "rtb-0004a65b587f79a51",
            "subnet_id": "subnet-02caf5cb37459af6d",
            "timeouts": null
          },
          "sensitive_attributes": [],
          "private": "eyJlMmJmYjczMC1lY2FhLTExZTYtOGY4OC0zNDM2M2JjN2M0YzAiOnsiY3JlYXRlIjozMDAwMDAwMDAwMDAsImRlbGV0ZSI6MzAwMDAwMDAwMDAwLCJ1cGRhdGUiOjEyMDAwMDAwMDAwMH19",
          "dependencies": [
            "module.vpc.aws_eip.eip-nat-a",
            "module.vpc.aws_internet_gateway.internet_gateway",
            "module.vpc.aws_nat_gateway.nat-a",
            "module.vpc.aws_route_table.pri-rt-db",
            "module.vpc.aws_subnet.pri_subnets",
            "module.vpc.aws_subnet.pub_subnets",
            "module.vpc.aws_vpc.vpc",
            "module.vpc.data.aws_availability_zones.available_zones"
          ]
        }
      ]
    },
    {
      "module": "module.vpc",
      "mode": "managed",
      "type": "aws_route_table_association",
      "name": "pri_sub_3a_with_pri_rt_a",
      "provider": "provider[\"registry.terraform.io/hashicorp/aws\"]",
      "instances": [
        {
          "index_key": 0,
          "schema_version": 0,
          "attributes": {
            "gateway_id": "",
            "id": "rtbassoc-043647718af9c4cdd",
            "route_table_id": "rtb-08af2a3db0c4504a6",
            "subnet_id": "subnet-0368f143b6f26860f",
            "timeouts": null
          },
          "sensitive_attributes": [],
          "private": "eyJlMmJmYjczMC1lY2FhLTExZTYtOGY4OC0zNDM2M2JjN2M0YzAiOnsiY3JlYXRlIjozMDAwMDAwMDAwMDAsImRlbGV0ZSI6MzAwMDAwMDAwMDAwLCJ1cGRhdGUiOjEyMDAwMDAwMDAwMH19",
          "dependencies": [
            "module.vpc.aws_eip.eip-nat-a",
            "module.vpc.aws_internet_gateway.internet_gateway",
            "module.vpc.aws_nat_gateway.nat-a",
            "module.vpc.aws_route_table.pri-rt-a",
            "module.vpc.aws_subnet.pri_subnets",
            "module.vpc.aws_subnet.pub_subnets",
            "module.vpc.aws_vpc.vpc",
            "module.vpc.data.aws_availability_zones.available_zones"
          ]
        },
        {
          "index_key": 1,
          "schema_version": 0,
          "attributes": {
            "gateway_id": "",
            "id": "rtbassoc-07bb9cb51fa7ed6a4",
            "route_table_id": "rtb-08af2a3db0c4504a6",
            "subnet_id": "subnet-056cb556866db1abc",
            "timeouts": null
          },
          "sensitive_attributes": [],
          "private": "eyJlMmJmYjczMC1lY2FhLTExZTYtOGY4OC0zNDM2M2JjN2M0YzAiOnsiY3JlYXRlIjozMDAwMDAwMDAwMDAsImRlbGV0ZSI6MzAwMDAwMDAwMDAwLCJ1cGRhdGUiOjEyMDAwMDAwMDAwMH19",
          "dependencies": [
            "module.vpc.aws_eip.eip-nat-a",
            "module.vpc.aws_internet_gateway.internet_gateway",
            "module.vpc.aws_nat_gateway.nat-a",
            "module.vpc.aws_route_table.pri-rt-a",
            "module.vpc.aws_subnet.pri_subnets",
            "module.vpc.aws_subnet.pub_subnets",
            "module.vpc.aws_vpc.vpc",
            "module.vpc.data.aws_availability_zones.available_zones"
          ]
        }
      ]
    },
    {
      "module": "module.vpc",
      "mode": "managed",
      "type": "aws_route_table_association",
      "name": "pub-sub-1a_route_table_association",
      "provider": "provider[\"registry.terraform.io/hashicorp/aws\"]",
      "instances": [
        {
          "index_key": 0,
          "schema_version": 0,
          "attributes": {
            "gateway_id": "",
            "id": "rtbassoc-0804f99da966d0c74",
            "route_table_id": "rtb-0ddd156856e8f083c",
            "subnet_id": "subnet-0686f12fe42aa919e",
            "timeouts": null
          },
          "sensitive_attributes": [],
          "private": "eyJlMmJmYjczMC1lY2FhLTExZTYtOGY4OC0zNDM2M2JjN2M0YzAiOnsiY3JlYXRlIjozMDAwMDAwMDAwMDAsImRlbGV0ZSI6MzAwMDAwMDAwMDAwLCJ1cGRhdGUiOjEyMDAwMDAwMDAwMH19",
          "dependencies": [
            "module.vpc.aws_internet_gateway.internet_gateway",
            "module.vpc.aws_route_table.public_route_table",
            "module.vpc.aws_subnet.pub_subnets",
            "module.vpc.aws_vpc.vpc",
            "module.vpc.data.aws_availability_zones.available_zones"
          ]
        },
        {
          "index_key": 1,
          "schema_version": 0,
          "attributes": {
            "gateway_id": "",
            "id": "rtbassoc-09761ded5dea1b7d8",
            "route_table_id": "rtb-0ddd156856e8f083c",
            "subnet_id": "subnet-0674b14db1957c3ef",
            "timeouts": null
          },
          "sensitive_attributes": [],
          "private": "eyJlMmJmYjczMC1lY2FhLTExZTYtOGY4OC0zNDM2M2JjN2M0YzAiOnsiY3JlYXRlIjozMDAwMDAwMDAwMDAsImRlbGV0ZSI6MzAwMDAwMDAwMDAwLCJ1cGRhdGUiOjEyMDAwMDAwMDAwMH19",
          "dependencies": [
            "module.vpc.aws_internet_gateway.internet_gateway",
            "module.vpc.aws_route_table.public_route_table",
            "module.vpc.aws_subnet.pub_subnets",
            "module.vpc.aws_vpc.vpc",
            "module.vpc.data.aws_availability_zones.available_zones"
          ]
        }
      ]
    },
    {
      "module": "module.vpc",
      "mode": "managed",
      "type": "aws_subnet",
      "name": "pri_subnets",
      "provider": "provider[\"registry.terraform.io/hashicorp/aws\"]",
      "instances": [
        {
          "index_key": 0,
          "schema_version": 1,
          "attributes": {
            "arn": "arn:aws:ec2:us-east-1:489994096722:subnet/subnet-0368f143b6f26860f",
            "assign_ipv6_address_on_creation": false,
            "availability_zone": "us-east-1a",
            "availability_zone_id": "use1-az2",
            "cidr_block": "10.0.3.0/24",
            "customer_owned_ipv4_pool": "",
            "enable_dns64": false,
            "enable_lni_at_device_index": 0,
            "enable_resource_name_dns_a_record_on_launch": false,
            "enable_resource_name_dns_aaaa_record_on_launch": false,
            "id": "subnet-0368f143b6f26860f",
            "ipv6_cidr_block": "",
            "ipv6_cidr_block_association_id": "",
            "ipv6_native": false,
            "map_customer_owned_ip_on_launch": false,
            "map_public_ip_on_launch": false,
            "outpost_arn": "",
            "owner_id": "489994096722",
            "private_dns_hostname_type_on_launch": "ip-name",
            "tags": {
              "Name": "prod-pri-sub-1"
            },
            "tags_all": {
              "Name": "prod-pri-sub-1"
            },
            "timeouts": null,
            "vpc_id": "vpc-0ded26fe1cc34f3e2"
          },
          "sensitive_attributes": [],
          "private": "eyJlMmJmYjczMC1lY2FhLTExZTYtOGY4OC0zNDM2M2JjN2M0YzAiOnsiY3JlYXRlIjo2MDAwMDAwMDAwMDAsImRlbGV0ZSI6MTIwMDAwMDAwMDAwMH0sInNjaGVtYV92ZXJzaW9uIjoiMSJ9",
          "dependencies": [
            "module.vpc.aws_vpc.vpc",
            "module.vpc.data.aws_availability_zones.available_zones"
          ],
          "create_before_destroy": true
        },
        {
          "index_key": 1,
          "schema_version": 1,
          "attributes": {
            "arn": "arn:aws:ec2:us-east-1:489994096722:subnet/subnet-056cb556866db1abc",
            "assign_ipv6_address_on_creation": false,
            "availability_zone": "us-east-1b",
            "availability_zone_id": "use1-az4",
            "cidr_block": "10.0.4.0/24",
            "customer_owned_ipv4_pool": "",
            "enable_dns64": false,
            "enable_lni_at_device_index": 0,
            "enable_resource_name_dns_a_record_on_launch": false,
            "enable_resource_name_dns_aaaa_record_on_launch": false,
            "id": "subnet-056cb556866db1abc",
            "ipv6_cidr_block": "",
            "ipv6_cidr_block_association_id": "",
            "ipv6_native": false,
            "map_customer_owned_ip_on_launch": false,
            "map_public_ip_on_launch": false,
            "outpost_arn": "",
            "owner_id": "489994096722",
            "private_dns_hostname_type_on_launch": "ip-name",
            "tags": {
              "Name": "prod-pri-sub-2"
            },
            "tags_all": {
              "Name": "prod-pri-sub-2"
            },
            "timeouts": null,
            "vpc_id": "vpc-0ded26fe1cc34f3e2"
          },
          "sensitive_attributes": [],
          "private": "eyJlMmJmYjczMC1lY2FhLTExZTYtOGY4OC0zNDM2M2JjN2M0YzAiOnsiY3JlYXRlIjo2MDAwMDAwMDAwMDAsImRlbGV0ZSI6MTIwMDAwMDAwMDAwMH0sInNjaGVtYV92ZXJzaW9uIjoiMSJ9",
          "dependencies": [
            "module.vpc.aws_vpc.vpc",
            "module.vpc.data.aws_availability_zones.available_zones"
          ],
          "create_before_destroy": true
        },
        {
          "index_key": 2,
          "schema_version": 1,
          "attributes": {
            "arn": "arn:aws:ec2:us-east-1:489994096722:subnet/subnet-02caf5cb37459af6d",
            "assign_ipv6_address_on_creation": false,
            "availability_zone": "us-east-1a",
            "availability_zone_id": "use1-az2",
            "cidr_block": "10.0.5.0/24",
            "customer_owned_ipv4_pool": "",
            "enable_dns64": false,
            "enable_lni_at_device_index": 0,
            "enable_resource_name_dns_a_record_on_launch": false,
            "enable_resource_name_dns_aaaa_record_on_launch": false,
            "id": "subnet-02caf5cb37459af6d",
            "ipv6_cidr_block": "",
            "ipv6_cidr_block_association_id": "",
            "ipv6_native": false,
            "map_customer_owned_ip_on_launch": false,
            "map_public_ip_on_launch": false,
            "outpost_arn": "",
            "owner_id": "489994096722",
            "private_dns_hostname_type_on_launch": "ip-name",
            "tags": {
              "Name": "prod-pri-sub-3"
            },
            "tags_all": {
              "Name": "prod-pri-sub-3"
            },
            "timeouts": null,
            "vpc_id": "vpc-0ded26fe1cc34f3e2"
          },
          "sensitive_attributes": [],
          "private": "eyJlMmJmYjczMC1lY2FhLTExZTYtOGY4OC0zNDM2M2JjN2M0YzAiOnsiY3JlYXRlIjo2MDAwMDAwMDAwMDAsImRlbGV0ZSI6MTIwMDAwMDAwMDAwMH0sInNjaGVtYV92ZXJzaW9uIjoiMSJ9",
          "dependencies": [
            "module.vpc.aws_vpc.vpc",
            "module.vpc.data.aws_availability_zones.available_zones"
          ],
          "create_before_destroy": true
        }
      ]
    },
    {
      "module": "module.vpc",
      "mode": "managed",
      "type": "aws_subnet",
      "name": "pub_subnets",
      "provider": "provider[\"registry.terraform.io/hashicorp/aws\"]",
      "instances": [
        {
          "index_key": 0,
          "schema_version": 1,
          "attributes": {
            "arn": "arn:aws:ec2:us-east-1:489994096722:subnet/subnet-0686f12fe42aa919e",
            "assign_ipv6_address_on_creation": false,
            "availability_zone": "us-east-1a",
            "availability_zone_id": "use1-az2",
            "cidr_block": "10.0.1.0/24",
            "customer_owned_ipv4_pool": "",
            "enable_dns64": false,
            "enable_lni_at_device_index": 0,
            "enable_resource_name_dns_a_record_on_launch": false,
            "enable_resource_name_dns_aaaa_record_on_launch": false,
            "id": "subnet-0686f12fe42aa919e",
            "ipv6_cidr_block": "",
            "ipv6_cidr_block_association_id": "",
            "ipv6_native": false,
            "map_customer_owned_ip_on_launch": false,
            "map_public_ip_on_launch": true,
            "outpost_arn": "",
            "owner_id": "489994096722",
            "private_dns_hostname_type_on_launch": "ip-name",
            "tags": {
              "Name": "prod-pub-sub-1"
            },
            "tags_all": {
              "Name": "prod-pub-sub-1"
            },
            "timeouts": null,
            "vpc_id": "vpc-0ded26fe1cc34f3e2"
          },
          "sensitive_attributes": [],
          "private": "eyJlMmJmYjczMC1lY2FhLTExZTYtOGY4OC0zNDM2M2JjN2M0YzAiOnsiY3JlYXRlIjo2MDAwMDAwMDAwMDAsImRlbGV0ZSI6MTIwMDAwMDAwMDAwMH0sInNjaGVtYV92ZXJzaW9uIjoiMSJ9",
          "dependencies": [
            "module.vpc.aws_vpc.vpc",
            "module.vpc.data.aws_availability_zones.available_zones"
          ],
          "create_before_destroy": true
        },
        {
          "index_key": 1,
          "schema_version": 1,
          "attributes": {
            "arn": "arn:aws:ec2:us-east-1:489994096722:subnet/subnet-0674b14db1957c3ef",
            "assign_ipv6_address_on_creation": false,
            "availability_zone": "us-east-1b",
            "availability_zone_id": "use1-az4",
            "cidr_block": "10.0.2.0/24",
            "customer_owned_ipv4_pool": "",
            "enable_dns64": false,
            "enable_lni_at_device_index": 0,
            "enable_resource_name_dns_a_record_on_launch": false,
            "enable_resource_name_dns_aaaa_record_on_launch": false,
            "id": "subnet-0674b14db1957c3ef",
            "ipv6_cidr_block": "",
            "ipv6_cidr_block_association_id": "",
            "ipv6_native": false,
            "map_customer_owned_ip_on_launch": false,
            "map_public_ip_on_launch": true,
            "outpost_arn": "",
            "owner_id": "489994096722",
            "private_dns_hostname_type_on_launch": "ip-name",
            "tags": {
              "Name": "prod-pub-sub-2"
            },
            "tags_all": {
              "Name": "prod-pub-sub-2"
            },
            "timeouts": null,
            "vpc_id": "vpc-0ded26fe1cc34f3e2"
          },
          "sensitive_attributes": [],
          "private": "eyJlMmJmYjczMC1lY2FhLTExZTYtOGY4OC0zNDM2M2JjN2M0YzAiOnsiY3JlYXRlIjo2MDAwMDAwMDAwMDAsImRlbGV0ZSI6MTIwMDAwMDAwMDAwMH0sInNjaGVtYV92ZXJzaW9uIjoiMSJ9",
          "dependencies": [
            "module.vpc.aws_vpc.vpc",
            "module.vpc.data.aws_availability_zones.available_zones"
          ],
          "create_before_destroy": true
        }
      ]
    },
    {
      "module": "module.vpc",
      "mode": "managed",
      "type": "aws_vpc",
      "name": "vpc",
      "provider": "provider[\"registry.terraform.io/hashicorp/aws\"]",
      "instances": [
        {
          "schema_version": 1,
          "attributes": {
            "arn": "arn:aws:ec2:us-east-1:489994096722:vpc/vpc-0ded26fe1cc34f3e2",
            "assign_generated_ipv6_cidr_block": false,
            "cidr_block": "10.0.0.0/16",
            "default_network_acl_id": "acl-0248140b749066e9b",
            "default_route_table_id": "rtb-0a420e6d468846c58",
            "default_security_group_id": "sg-01cafb6cb691f02a7",
            "dhcp_options_id": "dopt-ebe0d491",
            "enable_dns_hostnames": true,
            "enable_dns_support": true,
            "enable_network_address_usage_metrics": false,
            "id": "vpc-0ded26fe1cc34f3e2",
            "instance_tenancy": "default",
            "ipv4_ipam_pool_id": null,
            "ipv4_netmask_length": null,
            "ipv6_association_id": "",
            "ipv6_cidr_block": "",
            "ipv6_cidr_block_network_border_group": "",
            "ipv6_ipam_pool_id": "",
            "ipv6_netmask_length": 0,
            "main_route_table_id": "rtb-0a420e6d468846c58",
            "owner_id": "489994096722",
            "tags": {
              "Name": "prod-hammad-Infra-vpc"
            },
            "tags_all": {
              "Name": "prod-hammad-Infra-vpc"
            }
          },
          "sensitive_attributes": [],
          "private": "eyJzY2hlbWFfdmVyc2lvbiI6IjEifQ==",
          "create_before_destroy": true
        }
      ]
    }
  ],
  "check_results": null
}
